
Microsoft Visual Studio Solution File, Format Version 12.00
# Visual Studio Version 17
VisualStudioVersion = 17.7.34031.279
MinimumVisualStudioVersion = 10.0.40219.1
Project("{FAE04EC0-301F-11D3-BF4B-00C04F79EFBC}") = "WinFormsApp27", "WinFormsApp27.csproj", "{1091FB48-437E-4EEB-9DE4-D8359D0260F6}"
EndProject
Global
	GlobalSection(SolutionConfigurationPlatforms) = preSolution
		Debug|Any CPU = Debug|Any CPU
		Release|Any CPU = Release|Any CPU
	EndGlobalSection
	GlobalSection(ProjectConfigurationPlatforms) = postSolution
		{1091FB48-437E-4EEB-9DE4-D8359D0260F6}.Debug|Any CPU.ActiveCfg = Debug|Any CPU
		{1091FB48-437E-4EEB-9DE4-D8359D0260F6}.Debug|Any CPU.Build.0 = Debug|Any CPU
		{1091FB48-437E-4EEB-9DE4-D8359D0260F6}.Release|Any CPU.ActiveCfg = Release|Any CPU
		{1091FB48-437E-4EEB-9DE4-D8359D0260F6}.Release|Any CPU.Build.0 = Release|Any CPU
	EndGlobalSection
	GlobalSection(SolutionProperties) = preSolution
		HideSolutionNode = FALSE
	EndGlobalSection
	GlobalSection(ExtensibilityGlobals) = postSolution
		SolutionGuid = {2B1D6020-45E6-40ED-9B0A-29C0C1AC9333}
	EndGlobalSection
EndGlobal
